
Microsoft Visual Studio Solution File, Format Version 12.00
Project("{FAE04EC0-301F-11D3-BF4B-00C04F79EFBC}") = "Driverrrrrrrrrr", "Driverrrrrrrrrr\Driverrrrrrrrrr\Driverrrrrrrrrr.csproj", "{2935F0E6-62D7-456C-B605-F36B8E31CDB1}"
EndProject
Project("{FAE04EC0-301F-11D3-BF4B-00C04F79EFBC}") = "Driverrrrrrrrrr.Desktop", "Driverrrrrrrrrr\Driverrrrrrrrrr.Desktop\Driverrrrrrrrrr.Desktop.csproj", "{BD963F6A-CD06-4569-90CF-1C30F37F209C}"
EndProject
Global
	GlobalSection(SolutionConfigurationPlatforms) = preSolution
		Debug|Any CPU = Debug|Any CPU
		Release|Any CPU = Release|Any CPU
	EndGlobalSection
	GlobalSection(ProjectConfigurationPlatforms) = postSolution
		{2935F0E6-62D7-456C-B605-F36B8E31CDB1}.Debug|Any CPU.ActiveCfg = Debug|Any CPU
		{2935F0E6-62D7-456C-B605-F36B8E31CDB1}.Debug|Any CPU.Build.0 = Debug|Any CPU
		{2935F0E6-62D7-456C-B605-F36B8E31CDB1}.Release|Any CPU.ActiveCfg = Release|Any CPU
		{2935F0E6-62D7-456C-B605-F36B8E31CDB1}.Release|Any CPU.Build.0 = Release|Any CPU
		{BD963F6A-CD06-4569-90CF-1C30F37F209C}.Debug|Any CPU.ActiveCfg = Debug|Any CPU
		{BD963F6A-CD06-4569-90CF-1C30F37F209C}.Debug|Any CPU.Build.0 = Debug|Any CPU
		{BD963F6A-CD06-4569-90CF-1C30F37F209C}.Release|Any CPU.ActiveCfg = Release|Any CPU
		{BD963F6A-CD06-4569-90CF-1C30F37F209C}.Release|Any CPU.Build.0 = Release|Any CPU
	EndGlobalSection
EndGlobal
